
Microsoft Visual Studio Solution File, Format Version 12.00
# Visual Studio Version 16
VisualStudioVersion = 16.0.31205.134
MinimumVisualStudioVersion = 10.0.40219.1
Project("{9A19103F-16F7-4668-BE54-9A1E7A4F7556}") = "ShopBrridge", "ShopBrridge\ShopBrridge.csproj", "{F849FA00-090D-488A-977B-17CB1437B6C6}"
EndProject
Project("{9A19103F-16F7-4668-BE54-9A1E7A4F7556}") = "ShopBrridge.DataAccessLayer", "ShopBrridge.DataAccessLayer\ShopBrridge.DataAccessLayer.csproj", "{EA98FEA3-0549-4581-981A-17D61183B524}"
EndProject
Project("{FAE04EC0-301F-11D3-BF4B-00C04F79EFBC}") = "ShopBrridgeUnitTests", "ShopBrridgeUnitTests\ShopBrridgeUnitTests.csproj", "{C9AF1966-C579-4D44-B1CE-F7D00C038565}"
EndProject
Global
	GlobalSection(SolutionConfigurationPlatforms) = preSolution
		Debug|Any CPU = Debug|Any CPU
		Release|Any CPU = Release|Any CPU
	EndGlobalSection
	GlobalSection(ProjectConfigurationPlatforms) = postSolution
		{F849FA00-090D-488A-977B-17CB1437B6C6}.Debug|Any CPU.ActiveCfg = Debug|Any CPU
		{F849FA00-090D-488A-977B-17CB1437B6C6}.Debug|Any CPU.Build.0 = Debug|Any CPU
		{F849FA00-090D-488A-977B-17CB1437B6C6}.Release|Any CPU.ActiveCfg = Release|Any CPU
		{F849FA00-090D-488A-977B-17CB1437B6C6}.Release|Any CPU.Build.0 = Release|Any CPU
		{EA98FEA3-0549-4581-981A-17D61183B524}.Debug|Any CPU.ActiveCfg = Debug|Any CPU
		{EA98FEA3-0549-4581-981A-17D61183B524}.Debug|Any CPU.Build.0 = Debug|Any CPU
		{EA98FEA3-0549-4581-981A-17D61183B524}.Release|Any CPU.ActiveCfg = Release|Any CPU
		{EA98FEA3-0549-4581-981A-17D61183B524}.Release|Any CPU.Build.0 = Release|Any CPU
		{C9AF1966-C579-4D44-B1CE-F7D00C038565}.Debug|Any CPU.ActiveCfg = Debug|Any CPU
		{C9AF1966-C579-4D44-B1CE-F7D00C038565}.Debug|Any CPU.Build.0 = Debug|Any CPU
		{C9AF1966-C579-4D44-B1CE-F7D00C038565}.Release|Any CPU.ActiveCfg = Release|Any CPU
		{C9AF1966-C579-4D44-B1CE-F7D00C038565}.Release|Any CPU.Build.0 = Release|Any CPU
	EndGlobalSection
	GlobalSection(SolutionProperties) = preSolution
		HideSolutionNode = FALSE
	EndGlobalSection
	GlobalSection(ExtensibilityGlobals) = postSolution
		SolutionGuid = {8C1514CD-119F-4B11-A2C6-5EE2F2480C32}
	EndGlobalSection
EndGlobal
